
Microsoft Visual Studio Solution File, Format Version 12.00
# Visual Studio 15
VisualStudioVersion = 15.0.28307.329
MinimumVisualStudioVersion = 10.0.40219.1
Project("{9A19103F-16F7-4668-BE54-9A1E7A4F7556}") = "DAB2", "DAB2.csproj", "{D997582B-8196-47AC-8C3A-7C13B2480F4C}"
EndProject
Global
	GlobalSection(SolutionConfigurationPlatforms) = preSolution
		Debug|Any CPU = Debug|Any CPU
		Release|Any CPU = Release|Any CPU
	EndGlobalSection
	GlobalSection(ProjectConfigurationPlatforms) = postSolution
		{D997582B-8196-47AC-8C3A-7C13B2480F4C}.Debug|Any CPU.ActiveCfg = Debug|Any CPU
		{D997582B-8196-47AC-8C3A-7C13B2480F4C}.Debug|Any CPU.Build.0 = Debug|Any CPU
		{D997582B-8196-47AC-8C3A-7C13B2480F4C}.Release|Any CPU.ActiveCfg = Release|Any CPU
		{D997582B-8196-47AC-8C3A-7C13B2480F4C}.Release|Any CPU.Build.0 = Release|Any CPU
	EndGlobalSection
	GlobalSection(SolutionProperties) = preSolution
		HideSolutionNode = FALSE
	EndGlobalSection
	GlobalSection(ExtensibilityGlobals) = postSolution
		SolutionGuid = {BF741DCC-2FFC-4D0A-8148-6671003D5AD0}
	EndGlobalSection
EndGlobal
